Microsoft Visual Studio Solution File, Format Version 12.00
# Visual Studio Version 17
VisualStudioVersion = 17.14.36408.4 d17.14
MinimumVisualStudioVersion = 10.0.40219.1
Project("{FAE04EC0-301F-11D3-BF4B-00C04F79EFBC}") = "MessengerServer.AppHost", "MessengerServer.AppHost\MessengerServer.AppHost.csproj", "{5DF3F6C8-69E1-4221-B6EC-1263D160A92E}"
EndProject
Project("{FAE04EC0-301F-11D3-BF4B-00C04F79EFBC}") = "MessengerServer.ServiceDefaults", "MessengerServer.ServiceDefaults\MessengerServer.ServiceDefaults.csproj", "{F9BA046B-F26B-3BD4-DB2E-3737E6C1C3D2}"
EndProject
Global
	GlobalSection(SolutionConfigurationPlatforms) = preSolution
		Debug|Any CPU = Debug|Any CPU
		Release|Any CPU = Release|Any CPU
	EndGlobalSection
	GlobalSection(ProjectConfigurationPlatforms) = postSolution
		{5DF3F6C8-69E1-4221-B6EC-1263D160A92E}.Debug|Any CPU.ActiveCfg = Debug|Any CPU
		{5DF3F6C8-69E1-4221-B6EC-1263D160A92E}.Debug|Any CPU.Build.0 = Debug|Any CPU
		{5DF3F6C8-69E1-4221-B6EC-1263D160A92E}.Release|Any CPU.ActiveCfg = Release|Any CPU
		{5DF3F6C8-69E1-4221-B6EC-1263D160A92E}.Release|Any CPU.Build.0 = Release|Any CPU
		{F9BA046B-F26B-3BD4-DB2E-3737E6C1C3D2}.Debug|Any CPU.ActiveCfg = Debug|Any CPU
		{F9BA046B-F26B-3BD4-DB2E-3737E6C1C3D2}.Debug|Any CPU.Build.0 = Debug|Any CPU
		{F9BA046B-F26B-3BD4-DB2E-3737E6C1C3D2}.Release|Any CPU.ActiveCfg = Release|Any CPU
		{F9BA046B-F26B-3BD4-DB2E-3737E6C1C3D2}.Release|Any CPU.Build.0 = Release|Any CPU
	EndGlobalSection
	GlobalSection(SolutionProperties) = preSolution
		HideSolutionNode = FALSE
	EndGlobalSection
	GlobalSection(ExtensibilityGlobals) = postSolution
		SolutionGuid = {713B2C2F-B54C-48F2-988F-E11A40420589}
	EndGlobalSection
EndGlobal
